
Microsoft Visual Studio Solution File, Format Version 12.00
# Visual Studio Version 17
VisualStudioVersion = 17.13.35806.99
MinimumVisualStudioVersion = 10.0.40219.1
Project("{FAE04EC0-301F-11D3-BF4B-00C04F79EFBC}") = "ChatChitClient", "ChatChitClient\ChatChitClient.csproj", "{81021761-E7B5-4060-BD8F-662D7EB8DD9F}"
EndProject
Project("{FAE04EC0-301F-11D3-BF4B-00C04F79EFBC}") = "WebSocketClientLib", "WebSocketClientLib\WebSocketClientLib.csproj", "{F19705B3-FD1A-4445-A7CC-1C3D13DB724D}"
EndProject
Global
	GlobalSection(SolutionConfigurationPlatforms) = preSolution
		Debug|Any CPU = Debug|Any CPU
		Release|Any CPU = Release|Any CPU
	EndGlobalSection
	GlobalSection(ProjectConfigurationPlatforms) = postSolution
		{81021761-E7B5-4060-BD8F-662D7EB8DD9F}.Debug|Any CPU.ActiveCfg = Debug|Any CPU
		{81021761-E7B5-4060-BD8F-662D7EB8DD9F}.Debug|Any CPU.Build.0 = Debug|Any CPU
		{81021761-E7B5-4060-BD8F-662D7EB8DD9F}.Release|Any CPU.ActiveCfg = Release|Any CPU
		{81021761-E7B5-4060-BD8F-662D7EB8DD9F}.Release|Any CPU.Build.0 = Release|Any CPU
		{F19705B3-FD1A-4445-A7CC-1C3D13DB724D}.Debug|Any CPU.ActiveCfg = Debug|Any CPU
		{F19705B3-FD1A-4445-A7CC-1C3D13DB724D}.Debug|Any CPU.Build.0 = Debug|Any CPU
		{F19705B3-FD1A-4445-A7CC-1C3D13DB724D}.Release|Any CPU.ActiveCfg = Release|Any CPU
		{F19705B3-FD1A-4445-A7CC-1C3D13DB724D}.Release|Any CPU.Build.0 = Release|Any CPU
	EndGlobalSection
	GlobalSection(SolutionProperties) = preSolution
		HideSolutionNode = FALSE
	EndGlobalSection
	GlobalSection(ExtensibilityGlobals) = postSolution
		SolutionGuid = {6B35409A-4724-4936-B0F2-C9E1F42D60D3}
	EndGlobalSection
EndGlobal
